// !$*UTF8*$!
{
	archiveVersion = 1;
	classes = {
	};
	objectVersion = 50;
	objects = {

/* Begin PBXBuildFile section */
		6B5D5B07225C5F3500785D49 /* TCPSocketServers.m in Sources */ = {isa = PBXBuildFile; fileRef = 6B5D5B06225C5F3500785D49 /* TCPSocketServers.m */; };
		6B7E37AC22486B5E004402F7 /* AppDelegate.m in Sources */ = {isa = PBXBuildFile; fileRef = 6B7E37AB22486B5E004402F7 /* AppDelegate.m */; };
		6B7E37AF22486B5E004402F7 /* ViewController.m in Sources */ = {isa = PBXBuildFile; fileRef = 6B7E37AE22486B5E004402F7 /* ViewController.m */; };
		6B7E37B222486B5E004402F7 /* Main.storyboard in Resources */ = {isa = PBXBuildFile; fileRef = 6B7E37B022486B5E004402F7 /* Main.storyboard */; };
		6B7E37B422486B60004402F7 /* Assets.xcassets in Resources */ = {isa = PBXBuildFile; fileRef = 6B7E37B322486B60004402F7 /* Assets.xcassets */; };
		6B7E37B722486B60004402F7 /* LaunchScreen.storyboard in Resources */ = {isa = PBXBuildFile; fileRef = 6B7E37B522486B60004402F7 /* LaunchScreen.storyboard */; };
		6B7E37BA22486B60004402F7 /* main.m in Sources */ = {isa = PBXBuildFile; fileRef = 6B7E37B922486B60004402F7 /* main.m */; };
		6B7E37F322486C88004402F7 /* VideoH264EnCode.m in Sources */ = {isa = PBXBuildFile; fileRef = 6B7E37EE22486C88004402F7 /* VideoH264EnCode.m */; };
		6B7E37FA22486D05004402F7 /* GCDAsyncSocket.m in Sources */ = {isa = PBXBuildFile; fileRef = 6B7E37F722486D05004402F7 /* GCDAsyncSocket.m */; };
		6B7E37FC22486E81004402F7 /* README.md in Resources */ = {isa = PBXBuildFile; fileRef = 6B7E37FB22486E81004402F7 /* README.md */; };
		6B7E380022487140004402F7 /* CaptureViewController.m in Sources */ = {isa = PBXBuildFile; fileRef = 6B7E37FF22487140004402F7 /* CaptureViewController.m */; };
/* End PBXBuildFile section */

/* Begin PBXFileReference section */
		6B5D5B05225C5F3500785D49 /* TCPSocketServers.h */ = {isa = PBXFileReference; fileEncoding = 4; lastKnownFileType = sourcecode.c.h; path = TCPSocketServers.h; sourceTree = "<group>"; };
		6B5D5B06225C5F3500785D49 /* TCPSocketServers.m */ = {isa = PBXFileReference; fileEncoding = 4; lastKnownFileType = sourcecode.c.objc; path = TCPSocketServers.m; sourceTree = "<group>"; };
		6B7E37A722486B5E004402F7 /* LCLive_Capture.app */ = {isa = PBXFileReference; explicitFileType = wrapper.application; includeInIndex = 0; path = LCLive_Capture.app; sourceTree = BUILT_PRODUCTS_DIR; };
		6B7E37AA22486B5E004402F7 /* AppDelegate.h */ = {isa = PBXFileReference; lastKnownFileType = sourcecode.c.h; path = AppDelegate.h; sourceTree = "<group>"; };
		6B7E37AB22486B5E004402F7 /* AppDelegate.m */ = {isa = PBXFileReference; lastKnownFileType = sourcecode.c.objc; path = AppDelegate.m; sourceTree = "<group>"; };
		6B7E37AD22486B5E004402F7 /* ViewController.h */ = {isa = PBXFileReference; lastKnownFileType = sourcecode.c.h; path = ViewController.h; sourceTree = "<group>"; };
		6B7E37AE22486B5E004402F7 /* ViewController.m */ = {isa = PBXFileReference; lastKnownFileType = sourcecode.c.objc; path = ViewController.m; sourceTree = "<group>"; };
		6B7E37B122486B5E004402F7 /* Base */ = {isa = PBXFileReference; lastKnownFileType = file.storyboard; name = Base; path = Base.lproj/Main.storyboard; sourceTree = "<group>"; };
		6B7E37B322486B60004402F7 /* Assets.xcassets */ = {isa = PBXFileReference; lastKnownFileType = folder.assetcatalog; path = Assets.xcassets; sourceTree = "<group>"; };
		6B7E37B622486B60004402F7 /* Base */ = {isa = PBXFileReference; lastKnownFileType = file.storyboard; name = Base; path = Base.lproj/LaunchScreen.storyboard; sourceTree = "<group>"; };
		6B7E37B822486B60004402F7 /* Info.plist */ = {isa = PBXFileReference; lastKnownFileType = text.plist.xml; path = Info.plist; sourceTree = "<group>"; };
		6B7E37B922486B60004402F7 /* main.m */ = {isa = PBXFileReference; lastKnownFileType = sourcecode.c.objc; path = main.m; sourceTree = "<group>"; };
		6B7E37EC22486C88004402F7 /* VideoH264EnCode.h */ = {isa = PBXFileReference; fileEncoding = 4; lastKnownFileType = sourcecode.c.h; path = VideoH264EnCode.h; sourceTree = "<group>"; };
		6B7E37EE22486C88004402F7 /* VideoH264EnCode.m */ = {isa = PBXFileReference; fileEncoding = 4; lastKnownFileType = sourcecode.c.objc; path = VideoH264EnCode.m; sourceTree = "<group>"; };
		6B7E37F622486D05004402F7 /* GCDAsyncSocket.h */ = {isa = PBXFileReference; fileEncoding = 4; lastKnownFileType = sourcecode.c.h; path = GCDAsyncSocket.h; sourceTree = "<group>"; };
		6B7E37F722486D05004402F7 /* GCDAsyncSocket.m */ = {isa = PBXFileReference; fileEncoding = 4; lastKnownFileType = sourcecode.c.objc; path = GCDAsyncSocket.m; sourceTree = "<group>"; };
		6B7E37FB22486E81004402F7 /* README.md */ = {isa = PBXFileReference; fileEncoding = 4; lastKnownFileType = net.daringfireball.markdown; name = README.md; path = ../README.md; sourceTree = "<group>"; };
		6B7E37FE22487140004402F7 /* CaptureViewController.h */ = {isa = PBXFileReference; fileEncoding = 4; lastKnownFileType = sourcecode.c.h; path = CaptureViewController.h; sourceTree = "<group>"; };
		6B7E37FF22487140004402F7 /* CaptureViewController.m */ = {isa = PBXFileReference; fileEncoding = 4; lastKnownFileType = sourcecode.c.objc; path = CaptureViewController.m; sourceTree = "<group>"; };
/* End PBXFileReference section */

/* Begin PBXFrameworksBuildPhase section */
		6B7E37A422486B5E004402F7 /* Frameworks */ = {
			isa = PBXFrameworksBuildPhase;
			buildActionMask = 2147483647;
			files = (
			);
			runOnlyForDeploymentPostprocessing = 0;
		};
/* End PBXFrameworksBuildPhase section */

/* Begin PBXGroup section */
		6B7E379E22486B5E004402F7 = {
			isa = PBXGroup;
			children = (
				6B7E37FB22486E81004402F7 /* README.md */,
				6B7E37A922486B5E004402F7 /* LCLive_Capture */,
				6B7E37A822486B5E004402F7 /* Products */,
			);
			sourceTree = "<group>";
		};
		6B7E37A822486B5E004402F7 /* Products */ = {
			isa = PBXGroup;
			children = (
				6B7E37A722486B5E004402F7 /* LCLive_Capture.app */,
			);
			name = Products;
			sourceTree = "<group>";
		};
		6B7E37A922486B5E004402F7 /* LCLive_Capture */ = {
			isa = PBXGroup;
			children = (
				6B7E37AA22486B5E004402F7 /* AppDelegate.h */,
				6B7E37AB22486B5E004402F7 /* AppDelegate.m */,
				6B7E37FD22487140004402F7 /* Camera */,
				6B7E37E222486C88004402F7 /* Socket */,
				6B7E37EA22486C88004402F7 /* H264EnCode */,
				6B7E37AD22486B5E004402F7 /* ViewController.h */,
				6B7E37AE22486B5E004402F7 /* ViewController.m */,
				6B7E37B022486B5E004402F7 /* Main.storyboard */,
				6B7E37B322486B60004402F7 /* Assets.xcassets */,
				6B7E37B522486B60004402F7 /* LaunchScreen.storyboard */,
				6B7E37B822486B60004402F7 /* Info.plist */,
				6B7E37B922486B60004402F7 /* main.m */,
				6B7E37F422486CE5004402F7 /* Libs */,
			);
			path = LCLive_Capture;
			sourceTree = "<group>";
		};
		6B7E37E222486C88004402F7 /* Socket */ = {
			isa = PBXGroup;
			children = (
				6B5D5B05225C5F3500785D49 /* TCPSocketServers.h */,
				6B5D5B06225C5F3500785D49 /* TCPSocketServers.m */,
			);
			path = Socket;
			sourceTree = "<group>";
		};
		6B7E37EA22486C88004402F7 /* H264EnCode */ = {
			isa = PBXGroup;
			children = (
				6B7E37EC22486C88004402F7 /* VideoH264EnCode.h */,
				6B7E37EE22486C88004402F7 /* VideoH264EnCode.m */,
			);
			path = H264EnCode;
			sourceTree = "<group>";
		};
		6B7E37F422486CE5004402F7 /* Libs */ = {
			isa = PBXGroup;
			children = (
				6B7E37F622486D05004402F7 /* GCDAsyncSocket.h */,
				6B7E37F722486D05004402F7 /* GCDAsyncSocket.m */,
			);
			path = Libs;
			sourceTree = "<group>";
		};
		6B7E37FD22487140004402F7 /* Camera */ = {
			isa = PBXGroup;
			children = (
				6B7E37FE22487140004402F7 /* CaptureViewController.h */,
				6B7E37FF22487140004402F7 /* CaptureViewController.m */,
			);
			path = Camera;
			sourceTree = "<group>";
		};
/* End PBXGroup section */

/* Begin PBXNativeTarget section */
		6B7E37A622486B5E004402F7 /* LCLive_Capture */ = {
			isa = PBXNativeTarget;
			buildConfigurationList = 6B7E37BD22486B60004402F7 /* Build configuration list for PBXNativeTarget "LCLive_Capture" */;
			buildPhases = (
				6B7E37A322486B5E004402F7 /* Sources */,
				6B7E37A422486B5E004402F7 /* Frameworks */,
				6B7E37A522486B5E004402F7 /* Resources */,
			);
			buildRules = (
			);
			dependencies = (
			);
			name = LCLive_Capture;
			productName = LCLive_Capture;
			productReference = 6B7E37A722486B5E004402F7 /* LCLive_Capture.app */;
			productType = "com.apple.product-type.application";
		};
/* End PBXNativeTarget section */

/* Begin PBXProject section */
		6B7E379F22486B5E004402F7 /* Project object */ = {
			isa = PBXProject;
			attributes = {
				LastUpgradeCheck = 1010;
				ORGANIZATIONNAME = liuchuanfeng;
				TargetAttributes = {
					6B7E37A622486B5E004402F7 = {
						CreatedOnToolsVersion = 10.1;
					};
				};
			};
			buildConfigurationList = 6B7E37A222486B5E004402F7 /* Build configuration list for PBXProject "LCLive_Capture" */;
			compatibilityVersion = "Xcode 9.3";
			developmentRegion = en;
			hasScannedForEncodings = 0;
			knownRegions = (
				en,
				Base,
			);
			mainGroup = 6B7E379E22486B5E004402F7;
			productRefGroup = 6B7E37A822486B5E004402F7 /* Products */;
			projectDirPath = "";
			projectRoot = "";
			targets = (
				6B7E37A622486B5E004402F7 /* LCLive_Capture */,
			);
		};
/* End PBXProject section */

/* Begin PBXResourcesBuildPhase section */
		6B7E37A522486B5E004402F7 /* Resources */ = {
			isa = PBXResourcesBuildPhase;
			buildActionMask = 2147483647;
			files = (
				6B7E37B722486B60004402F7 /* LaunchScreen.storyboard in Resources */,
				6B7E37B422486B60004402F7 /* Assets.xcassets in Resources */,
				6B7E37FC22486E81004402F7 /* README.md in Resources */,
				6B7E37B222486B5E004402F7 /* Main.storyboard in Resources */,
			);
			runOnlyForDeploymentPostprocessing = 0;
		};
/* End PBXResourcesBuildPhase section */

/* Begin PBXSourcesBuildPhase section */
		6B7E37A322486B5E004402F7 /* Sources */ = {
			isa = PBXSourcesBuildPhase;
			buildActionMask = 2147483647;
			files = (
				6B7E37AF22486B5E004402F7 /* ViewController.m in Sources */,
				6B7E37BA22486B60004402F7 /* main.m in Sources */,
				6B7E37AC22486B5E004402F7 /* AppDelegate.m in Sources */,
				6B7E37FA22486D05004402F7 /* GCDAsyncSocket.m in Sources */,
				6B7E37F322486C88004402F7 /* VideoH264EnCode.m in Sources */,
				6B7E380022487140004402F7 /* CaptureViewController.m in Sources */,
				6B5D5B07225C5F3500785D49 /* TCPSocketServers.m in Sources */,
			);
			runOnlyForDeploymentPostprocessing = 0;
		};
/* End PBXSourcesBuildPhase section */

/* Begin PBXVariantGroup section */
		6B7E37B022486B5E004402F7 /* Main.storyboard */ = {
			isa = PBXVariantGroup;
			children = (
				6B7E37B122486B5E004402F7 /* Base */,
			);
			name = Main.storyboard;
			sourceTree = "<group>";
		};
		6B7E37B522486B60004402F7 /* LaunchScreen.storyboard */ = {
			isa = PBXVariantGroup;
			children = (
				6B7E37B622486B60004402F7 /* Base */,
			);
			name = LaunchScreen.storyboard;
			sourceTree = "<group>";
		};
/* End PBXVariantGroup section */

/* Begin XCBuildConfiguration section */
		6B7E37BB22486B60004402F7 /* Debug */ = {
			isa = XCBuildConfiguration;
			buildSettings = {
				ALWAYS_SEARCH_USER_PATHS = NO;
				CLANG_ANALYZER_NONNULL = YES;
				CLANG_ANALYZER_NUMBER_OBJECT_CONVERSION = YES_AGGRESSIVE;
				CLANG_CXX_LANGUAGE_STANDARD = "gnu++14";
				CLANG_CXX_LIBRARY = "libc++";
				CLANG_ENABLE_MODULES = YES;
				CLANG_ENABLE_OBJC_ARC = YES;
				CLANG_ENABLE_OBJC_WEAK = YES;
				CLANG_WARN_BLOCK_CAPTURE_AUTORELEASING = YES;
				CLANG_WARN_BOOL_CONVERSION = YES;
				CLANG_WARN_COMMA = YES;
				CLANG_WARN_CONSTANT_CONVERSION = YES;
				CLANG_WARN_DEPRECATED_OBJC_IMPLEMENTATIONS = YES;
				CLANG_WARN_DIRECT_OBJC_ISA_USAGE = YES_ERROR;
				CLANG_WARN_DOCUMENTATION_COMMENTS = YES;
				CLANG_WARN_EMPTY_BODY = YES;
				CLANG_WARN_ENUM_CONVERSION = YES;
				CLANG_WARN_INFINITE_RECURSION = YES;
				CLANG_WARN_INT_CONVERSION = YES;
				CLANG_WARN_NON_LITERAL_NULL_CONVERSION = YES;
				CLANG_WARN_OBJC_IMPLICIT_RETAIN_SELF = YES;
				CLANG_WARN_OBJC_LITERAL_CONVERSION = YES;
				CLANG_WARN_OBJC_ROOT_CLASS = YES_ERROR;
				CLANG_WARN_RANGE_LOOP_ANALYSIS = YES;
				CLANG_WARN_STRICT_PROTOTYPES = YES;
				CLANG_WARN_SUSPICIOUS_MOVE = YES;
				CLANG_WARN_UNGUARDED_AVAILABILITY = YES_AGGRESSIVE;
				CLANG_WARN_UNREACHABLE_CODE = YES;
				CLANG_WARN__DUPLICATE_METHOD_MATCH = YES;
				CODE_SIGN_IDENTITY = "iPhone Developer";
				COPY_PHASE_STRIP = NO;
				DEBUG_INFORMATION_FORMAT = dwarf;
				ENABLE_STRICT_OBJC_MSGSEND = YES;
				ENABLE_TESTABILITY = YES;
				GCC_C_LANGUAGE_STANDARD = gnu11;
				GCC_DYNAMIC_NO_PIC = NO;
				GCC_NO_COMMON_BLOCKS = YES;
				GCC_OPTIMIZATION_LEVEL = 0;
				GCC_PREPROCESSOR_DEFINITIONS = (
					"DEBUG=1",
					"$(inherited)",
				);
				GCC_WARN_64_TO_32_BIT_CONVERSION = YES;
				GCC_WARN_ABOUT_RETURN_TYPE = YES_ERROR;
				GCC_WARN_UNDECLARED_SELECTOR = YES;
				GCC_WARN_UNINITIALIZED_AUTOS = YES_AGGRESSIVE;
				GCC_WARN_UNUSED_FUNCTION = YES;
				GCC_WARN_UNUSED_VARIABLE = YES;
				IPHONEOS_DEPLOYMENT_TARGET = 12.1;
				MTL_ENABLE_DEBUG_INFO = INCLUDE_SOURCE;
				MTL_FAST_MATH = YES;
				ONLY_ACTIVE_ARCH = YES;
				SDKROOT = iphoneos;
			};
			name = Debug;
		};
		6B7E37BC22486B60004402F7 /* Release */ = {
			isa = XCBuildConfiguration;
			buildSettings = {
				ALWAYS_SEARCH_USER_PATHS = NO;
				CLANG_ANALYZER_NONNULL = YES;
				CLANG_ANALYZER_NUMBER_OBJECT_CONVERSION = YES_AGGRESSIVE;
				CLANG_CXX_LANGUAGE_STANDARD = "gnu++14";
				CLANG_CXX_LIBRARY = "libc++";
				CLANG_ENABLE_MODULES = YES;
				CLANG_ENABLE_OBJC_ARC = YES;
				CLANG_ENABLE_OBJC_WEAK = YES;
				CLANG_WARN_BLOCK_CAPTURE_AUTORELEASING = YES;
				CLANG_WARN_BOOL_CONVERSION = YES;
				CLANG_WARN_COMMA = YES;
				CLANG_WARN_CONSTANT_CONVERSION = YES;
				CLANG_WARN_DEPRECATED_OBJC_IMPLEMENTATIONS = YES;
				CLANG_WARN_DIRECT_OBJC_ISA_USAGE = YES_ERROR;
				CLANG_WARN_DOCUMENTATION_COMMENTS = YES;
				CLANG_WARN_EMPTY_BODY = YES;
				CLANG_WARN_ENUM_CONVERSION = YES;
				CLANG_WARN_INFINITE_RECURSION = YES;
				CLANG_WARN_INT_CONVERSION = YES;
				CLANG_WARN_NON_LITERAL_NULL_CONVERSION = YES;
				CLANG_WARN_OBJC_IMPLICIT_RETAIN_SELF = YES;
				CLANG_WARN_OBJC_LITERAL_CONVERSION = YES;
				CLANG_WARN_OBJC_ROOT_CLASS = YES_ERROR;
				CLANG_WARN_RANGE_LOOP_ANALYSIS = YES;
				CLANG_WARN_STRICT_PROTOTYPES = YES;
				CLANG_WARN_SUSPICIOUS_MOVE = YES;
				CLANG_WARN_UNGUARDED_AVAILABILITY = YES_AGGRESSIVE;
				CLANG_WARN_UNREACHABLE_CODE = YES;
				CLANG_WARN__DUPLICATE_METHOD_MATCH = YES;
				CODE_SIGN_IDENTITY = "iPhone Developer";
				COPY_PHASE_STRIP = NO;
				DEBUG_INFORMATION_FORMAT = "dwarf-with-dsym";
				ENABLE_NS_ASSERTIONS = NO;
				ENABLE_STRICT_OBJC_MSGSEND = YES;
				GCC_C_LANGUAGE_STANDARD = gnu11;
				GCC_NO_COMMON_BLOCKS = YES;
				GCC_WARN_64_TO_32_BIT_CONVERSION = YES;
				GCC_WARN_ABOUT_RETURN_TYPE = YES_ERROR;
				GCC_WARN_UNDECLARED_SELECTOR = YES;
				GCC_WARN_UNINITIALIZED_AUTOS = YES_AGGRESSIVE;
				GCC_WARN_UNUSED_FUNCTION = YES;
				GCC_WARN_UNUSED_VARIABLE = YES;
				IPHONEOS_DEPLOYMENT_TARGET = 12.1;
				MTL_ENABLE_DEBUG_INFO = NO;
				MTL_FAST_MATH = YES;
				SDKROOT = iphoneos;
				VALIDATE_PRODUCT = YES;
			};
			name = Release;
		};
		6B7E37BE22486B60004402F7 /* Debug */ = {
			isa = XCBuildConfiguration;
			buildSettings = {
				ASSETCATALOG_COMPILER_APPICON_NAME = AppIcon;
				CODE_SIGN_STYLE = Automatic;
				DEVELOPMENT_TEAM = B76Z5S58QS;
				INFOPLIST_FILE = LCLive_Capture/Info.plist;
				IPHONEOS_DEPLOYMENT_TARGET = 9.0;
				LD_RUNPATH_SEARCH_PATHS = (
					"$(inherited)",
					"@executable_path/Frameworks",
				);
				PRODUCT_BUNDLE_IDENTIFIER = "com.alex.LCLive-Capture";
				PRODUCT_NAME = "$(TARGET_NAME)";
				TARGETED_DEVICE_FAMILY = 1;
			};
			name = Debug;
		};
		6B7E37BF22486B60004402F7 /* Release */ = {
			isa = XCBuildConfiguration;
			buildSettings = {
				ASSETCATALOG_COMPILER_APPICON_NAME = AppIcon;
				CODE_SIGN_STYLE = Automatic;
				DEVELOPMENT_TEAM = B76Z5S58QS;
				INFOPLIST_FILE = LCLive_Capture/Info.plist;
				IPHONEOS_DEPLOYMENT_TARGET = 9.0;
				LD_RUNPATH_SEARCH_PATHS = (
					"$(inherited)",
					"@executable_path/Frameworks",
				);
				PRODUCT_BUNDLE_IDENTIFIER = "com.alex.LCLive-Capture";
				PRODUCT_NAME = "$(TARGET_NAME)";
				TARGETED_DEVICE_FAMILY = 1;
			};
			name = Release;
		};
/* End XCBuildConfiguration section */

/* Begin XCConfigurationList section */
		6B7E37A222486B5E004402F7 /* Build configuration list for PBXProject "LCLive_Capture" */ = {
			isa = XCConfigurationList;
			buildConfigurations = (
				6B7E37BB22486B60004402F7 /* Debug */,
				6B7E37BC22486B60004402F7 /* Release */,
			);
			defaultConfigurationIsVisible = 0;
			defaultConfigurationName = Release;
		};
		6B7E37BD22486B60004402F7 /* Build configuration list for PBXNativeTarget "LCLive_Capture" */ = {
			isa = XCConfigurationList;
			buildConfigurations = (
				6B7E37BE22486B60004402F7 /* Debug */,
				6B7E37BF22486B60004402F7 /* Release */,
			);
			defaultConfigurationIsVisible = 0;
			defaultConfigurationName = Release;
		};
/* End XCConfigurationList section */
	};
	rootObject = 6B7E379F22486B5E004402F7 /* Project object */;
}
